<?xml version="1.0" encoding="utf-8"?>
<Project ToolsVersion="4.0" xmlns="http://schemas.microsoft.com/developer/msbuild/2003">
  <ItemGroup>
    <Filter Include="Annwvyn">
      <UniqueIdentifier>{71f4958c-4a0c-4d65-b5f2-9132994bfa62}</UniqueIdentifier>
    </Filter>
    <Filter Include="precompilled headers">
      <UniqueIdentifier>{fbc76f4b-1892-4373-958b-3df6607820a7}</UniqueIdentifier>
    </Filter>
    <Filter Include="Internaly packaged libraries">
      <UniqueIdentifier>{507eae2d-1c4a-4c92-add1-f6eb9cbe4364}</UniqueIdentifier>
    </Filter>
    <Filter Include="Annwvyn\Core">
      <UniqueIdentifier>{9c9fb862-e814-46a3-bf12-0f38f3eca234}</UniqueIdentifier>
    </Filter>
    <Filter Include="Internaly packaged libraries\tinyxml2">
      <UniqueIdentifier>{1efbc9df-fb99-462b-b2b4-2a0d005ea938}</UniqueIdentifier>
    </Filter>
    <Filter Include="Internaly packaged libraries\BtOgre">
      <UniqueIdentifier>{5ebdfa49-14be-4e50-a3bd-28d4b94ec4b6}</UniqueIdentifier>
    </Filter>
    <Filter Include="Internaly packaged libraries\Ogre::Euler">
      <UniqueIdentifier>{0d9d99de-a238-4239-9f8f-936a74e088b6}</UniqueIdentifier>
    </Filter>
    <Filter Include="Annwvyn\SubSystems">
      <UniqueIdentifier>{872ec82f-71bd-4949-950e-8510a615b2c6}</UniqueIdentifier>
    </Filter>
    <Filter Include="Annwvyn\SubSystems\Physics&amp;Collision">
      <UniqueIdentifier>{60b5c977-4cbc-480e-a19e-138c9c30522f}</UniqueIdentifier>
    </Filter>
    <Filter Include="Annwvyn\SubSystems\LevelSystem">
      <UniqueIdentifier>{93361f2e-9ee4-4a79-a0da-6249f40e362f}</UniqueIdentifier>
    </Filter>
    <Filter Include="Annwvyn\SubSystems\EventSystem">
      <UniqueIdentifier>{d4f4cafe-0ab2-4e44-9896-304a62446eca}</UniqueIdentifier>
    </Filter>
    <Filter Include="Annwvyn\SubSystems\Audio">
      <UniqueIdentifier>{a2890224-c274-4cb9-956a-1690e52fda04}</UniqueIdentifier>
    </Filter>
    <Filter Include="Annwvyn\SubSystems\Console">
      <UniqueIdentifier>{999c116e-25f9-4113-83ca-e7c8fb446282}</UniqueIdentifier>
    </Filter>
    <Filter Include="Annwvyn\SubSystems\FileSystem">
      <UniqueIdentifier>{fa83c668-40c4-43ad-8ad5-16a7ff0ceaa5}</UniqueIdentifier>
    </Filter>
    <Filter Include="Annwvyn\GameObject">
      <UniqueIdentifier>{c98e90b8-198c-4dd0-ac5c-f4ee64400799}</UniqueIdentifier>
    </Filter>
    <Filter Include="Annwvyn\MathObjects">
      <UniqueIdentifier>{8002a392-511f-4f41-9d99-a4f6b3aac75c}</UniqueIdentifier>
    </Filter>
    <Filter Include="Annwvyn\SubSystems\Resource">
      <UniqueIdentifier>{dc4a24bb-ed55-40f2-b82a-1cfbc40d2736}</UniqueIdentifier>
    </Filter>
    <Filter Include="Annwvyn\PlayerObject">
      <UniqueIdentifier>{fef73889-f986-4d0a-8943-ff5549a9070a}</UniqueIdentifier>
    </Filter>
    <Filter Include="Annwvyn\GameObject\LightObject">
      <UniqueIdentifier>{92cd8a07-7a53-4488-b4db-a8f6ba91ce4b}</UniqueIdentifier>
    </Filter>
    <Filter Include="Annwvyn\GameObject\TriggerObject">
      <UniqueIdentifier>{3ce1bb7b-6132-48a4-99d4-fad0947e49cd}</UniqueIdentifier>
    </Filter>
    <Filter Include="Annwvyn\GameObject\GameObject">
      <UniqueIdentifier>{dc39ee55-67cf-4cf0-abd0-e293465a0d52}</UniqueIdentifier>
    </Filter>
    <Filter Include="Annwvyn\SubSystems\Scenery">
      <UniqueIdentifier>{5c9abb67-b981-4469-9dd8-f1658f374bb2}</UniqueIdentifier>
    </Filter>
    <Filter Include="OgreRenderingForVR">
      <UniqueIdentifier>{80903f3b-ac93-417b-881a-c6fe14583547}</UniqueIdentifier>
    </Filter>
    <Filter Include="OgreRenderingForVR\Oculus">
      <UniqueIdentifier>{d83246f2-30b0-4dc4-96c9-644b2e03f8a3}</UniqueIdentifier>
    </Filter>
    <Filter Include="Annwvyn\Core\AnnEngine">
      <UniqueIdentifier>{e7f30595-e00c-4e76-b1ea-26e781f0c81e}</UniqueIdentifier>
    </Filter>
    <Filter Include="Annwvyn\Core\Utility">
      <UniqueIdentifier>{e54df639-44cf-4c18-aa40-4b5902e011f8}</UniqueIdentifier>
    </Filter>
    <Filter Include="Annwvyn\Core\DataTypes">
      <UniqueIdentifier>{3f866286-f886-4410-92d8-dc30cc4850c0}</UniqueIdentifier>
    </Filter>
    <Filter Include="OgreRenderingForVR\Vive">
      <UniqueIdentifier>{817503ff-7928-493f-a8dc-882bc4b068eb}</UniqueIdentifier>
    </Filter>
  </ItemGroup>
  <ItemGroup>
    <ClInclude Include="..\..\include\euler.h">
      <Filter>Internaly packaged libraries\Ogre::Euler</Filter>
    </ClInclude>
    <ClInclude Include="..\..\pch\stdafx.h">
      <Filter>precompilled headers</Filter>
    </ClInclude>
    <ClInclude Include="..\..\include\AnnVect3.hpp">
      <Filter>Annwvyn\MathObjects</Filter>
    </ClInclude>
    <ClInclude Include="..\..\include\AnnQuaternion.hpp">
      <Filter>Annwvyn\MathObjects</Filter>
    </ClInclude>
    <ClInclude Include="..\..\include\AnnEventManager.hpp">
      <Filter>Annwvyn\SubSystems\EventSystem</Filter>
    </ClInclude>
    <ClInclude Include="..\..\include\AnnKeyCode.h">
      <Filter>Annwvyn\SubSystems\EventSystem</Filter>
    </ClInclude>
    <ClInclude Include="..\..\include\AnnLevelManager.hpp">
      <Filter>Annwvyn\SubSystems\LevelSystem</Filter>
    </ClInclude>
    <ClInclude Include="..\..\include\AnnPhysicsEngine.hpp">
      <Filter>Annwvyn\SubSystems\Physics&amp;Collision</Filter>
    </ClInclude>
    <ClInclude Include="..\..\include\AnnSplashLevel.hpp">
      <Filter>Annwvyn\SubSystems\LevelSystem</Filter>
    </ClInclude>
    <ClInclude Include="..\..\include\AnnXmlLevel.hpp">
      <Filter>Annwvyn\SubSystems\LevelSystem</Filter>
    </ClInclude>
    <ClInclude Include="..\..\include\tinyxml2.h">
      <Filter>Internaly packaged libraries\tinyxml2</Filter>
    </ClInclude>
    <ClInclude Include="..\..\include\BtOgrePG.h">
      <Filter>Internaly packaged libraries\BtOgre</Filter>
    </ClInclude>
    <ClInclude Include="..\..\include\BtOgreGP.h">
      <Filter>Internaly packaged libraries\BtOgre</Filter>
    </ClInclude>
    <ClInclude Include="..\..\include\BtOgreExtras.h">
      <Filter>Internaly packaged libraries\BtOgre</Filter>
    </ClInclude>
    <ClInclude Include="..\..\include\AnnAudioEngine.hpp">
      <Filter>Annwvyn\SubSystems\Audio</Filter>
    </ClInclude>
    <ClInclude Include="..\..\include\AnnSubsystem.hpp">
      <Filter>Annwvyn\SubSystems</Filter>
    </ClInclude>
    <ClInclude Include="..\..\include\AnnConsole.hpp">
      <Filter>Annwvyn\SubSystems\Console</Filter>
    </ClInclude>
    <ClInclude Include="..\..\include\AnnFilesystem.hpp">
      <Filter>Annwvyn\SubSystems\FileSystem</Filter>
    </ClInclude>
    <ClInclude Include="..\..\include\AnnLightObject.hpp">
      <Filter>Annwvyn\GameObject\LightObject</Filter>
    </ClInclude>
    <ClInclude Include="..\..\include\Annwvyn.h">
      <Filter>Annwvyn</Filter>
    </ClInclude>
    <ClInclude Include="..\..\include\AnnResourceManager.hpp">
      <Filter>Annwvyn\SubSystems\Resource</Filter>
    </ClInclude>
    <ClInclude Include="..\..\include\AnnPlayer.hpp">
      <Filter>Annwvyn\PlayerObject</Filter>
    </ClInclude>
    <ClInclude Include="..\..\include\AnnPlayerActuator.hpp">
      <Filter>Annwvyn\PlayerObject</Filter>
    </ClInclude>
    <ClInclude Include="..\..\include\AnnGameObjectManager.hpp">
      <Filter>Annwvyn\GameObject</Filter>
    </ClInclude>
    <ClInclude Include="..\..\include\AnnGameObject.hpp">
      <Filter>Annwvyn\GameObject\GameObject</Filter>
    </ClInclude>
    <ClInclude Include="..\..\include\AnnTriggerObject.hpp">
      <Filter>Annwvyn\GameObject\TriggerObject</Filter>
    </ClInclude>
    <ClInclude Include="..\..\include\AnnSceneryManager.hpp">
      <Filter>Annwvyn\SubSystems\Scenery</Filter>
    </ClInclude>
    <ClInclude Include="..\..\include\OculusInterface.hpp">
      <Filter>OgreRenderingForVR\Oculus</Filter>
    </ClInclude>
    <ClInclude Include="..\..\include\OgreOculusRender.hpp">
      <Filter>OgreRenderingForVR\Oculus</Filter>
    </ClInclude>
    <ClInclude Include="..\..\include\OgreVRRender.hpp">
      <Filter>OgreRenderingForVR</Filter>
    </ClInclude>
    <ClInclude Include="..\..\include\AnnLevel.hpp">
      <Filter>Annwvyn\SubSystems\LevelSystem</Filter>
    </ClInclude>
    <ClInclude Include="..\..\include\AnnEngine.hpp">
      <Filter>Annwvyn\Core\AnnEngine</Filter>
    </ClInclude>
    <ClInclude Include="..\..\include\AnnErrorCode.hpp">
      <Filter>Annwvyn\Core\Utility</Filter>
    </ClInclude>
    <ClInclude Include="..\..\include\AnnTypes.h">
      <Filter>Annwvyn\Core\DataTypes</Filter>
    </ClInclude>
    <ClInclude Include="..\..\include\AnnColor.hpp">
      <Filter>Annwvyn\Core\DataTypes</Filter>
    </ClInclude>
    <ClInclude Include="..\..\include\AnnLogger.hpp">
      <Filter>Annwvyn\Core\Utility</Filter>
    </ClInclude>
    <ClInclude Include="..\..\include\systemMacro.h">
      <Filter>Annwvyn\Core\Utility</Filter>
    </ClInclude>
    <ClInclude Include="..\..\include\OgreOpenVRRender.hpp">
      <Filter>OgreRenderingForVR\Vive</Filter>
    </ClInclude>
    <ClInclude Include="..\..\include\AnnHandController.hpp" />
  </ItemGroup>
  <ItemGroup>
    <ClCompile Include="..\..\pch\stdafx.cpp">
      <Filter>precompilled headers</Filter>
    </ClCompile>
    <ClCompile Include="..\..\src\AnnQuaternion.cpp">
      <Filter>Annwvyn\MathObjects</Filter>
    </ClCompile>
    <ClCompile Include="..\..\src\AnnVect3.cpp">
      <Filter>Annwvyn\MathObjects</Filter>
    </ClCompile>
    <ClCompile Include="..\..\src\AnnLevelManager.cpp">
      <Filter>Annwvyn\SubSystems\LevelSystem</Filter>
    </ClCompile>
    <ClCompile Include="..\..\src\AnnSplashLevel.cpp">
      <Filter>Annwvyn\SubSystems\LevelSystem</Filter>
    </ClCompile>
    <ClCompile Include="..\..\src\AnnXmlLevel.cpp">
      <Filter>Annwvyn\SubSystems\LevelSystem</Filter>
    </ClCompile>
    <ClCompile Include="..\..\src\AnnEventManager.cpp">
      <Filter>Annwvyn\SubSystems\EventSystem</Filter>
    </ClCompile>
    <ClCompile Include="..\..\src\AnnEvents.cpp">
      <Filter>Annwvyn\SubSystems\EventSystem</Filter>
    </ClCompile>
    <ClCompile Include="..\..\src\AnnPhysicsEngine.cpp">
      <Filter>Annwvyn\SubSystems\Physics&amp;Collision</Filter>
    </ClCompile>
    <ClCompile Include="..\..\src\AnnAudioEngine.cpp">
      <Filter>Annwvyn\SubSystems\Audio</Filter>
    </ClCompile>
    <ClCompile Include="..\..\src\AnnDefaultEventListener.cpp">
      <Filter>Annwvyn\SubSystems\EventSystem</Filter>
    </ClCompile>
    <ClCompile Include="..\..\src\tinyxml2.cpp">
      <Filter>Internaly packaged libraries\tinyxml2</Filter>
    </ClCompile>
    <ClCompile Include="..\..\src\BtOgre.cpp">
      <Filter>Internaly packaged libraries\BtOgre</Filter>
    </ClCompile>
    <ClCompile Include="..\..\src\AnnSubSystem.cpp">
      <Filter>Annwvyn\SubSystems</Filter>
    </ClCompile>
    <ClCompile Include="..\..\src\AnnConsole.cpp">
      <Filter>Annwvyn\SubSystems\Console</Filter>
    </ClCompile>
    <ClCompile Include="..\..\src\AnnFilesystem.cpp">
      <Filter>Annwvyn\SubSystems\FileSystem</Filter>
    </ClCompile>
    <ClCompile Include="..\..\src\AnnLightObject.cpp">
      <Filter>Annwvyn\GameObject\LightObject</Filter>
    </ClCompile>
    <ClCompile Include="..\..\src\AnnResourceManager.cpp">
      <Filter>Annwvyn\SubSystems\Resource</Filter>
    </ClCompile>
    <ClCompile Include="..\..\src\AnnPlayer.cpp">
      <Filter>Annwvyn\PlayerObject</Filter>
    </ClCompile>
    <ClCompile Include="..\..\src\AnnPlayerActuator.cpp">
      <Filter>Annwvyn\PlayerObject</Filter>
    </ClCompile>
    <ClCompile Include="..\..\src\AnnGameObjectManager.cpp">
      <Filter>Annwvyn\GameObject</Filter>
    </ClCompile>
    <ClCompile Include="..\..\src\AnnGameObject.cpp">
      <Filter>Annwvyn\GameObject\GameObject</Filter>
    </ClCompile>
    <ClCompile Include="..\..\src\AnnTriggerObject.cpp">
      <Filter>Annwvyn\GameObject\TriggerObject</Filter>
    </ClCompile>
    <ClCompile Include="..\..\src\AnnSceneryManager.cpp">
      <Filter>Annwvyn\SubSystems\Scenery</Filter>
    </ClCompile>
    <ClCompile Include="..\..\src\OculusInterface.cpp">
      <Filter>OgreRenderingForVR\Oculus</Filter>
    </ClCompile>
    <ClCompile Include="..\..\src\OgreOculusRender.cpp">
      <Filter>OgreRenderingForVR\Oculus</Filter>
    </ClCompile>
    <ClCompile Include="..\..\src\OgreVRRender.cpp">
      <Filter>OgreRenderingForVR</Filter>
    </ClCompile>
    <ClCompile Include="..\..\src\AnnLevel.cpp">
      <Filter>Annwvyn\SubSystems\LevelSystem</Filter>
    </ClCompile>
    <ClCompile Include="..\..\src\AnnEngine.cpp">
      <Filter>Annwvyn\Core\AnnEngine</Filter>
    </ClCompile>
    <ClCompile Include="..\..\src\AnnLogger.cpp">
      <Filter>Annwvyn\Core\Utility</Filter>
    </ClCompile>
    <ClCompile Include="..\..\src\AnnColor.cpp">
      <Filter>Annwvyn\Core\DataTypes</Filter>
    </ClCompile>
    <ClCompile Include="..\..\src\OgreOpenVRRender.cpp">
      <Filter>OgreRenderingForVR\Vive</Filter>
    </ClCompile>
    <ClCompile Include="..\..\src\AnnHandControllers.cpp" />
  </ItemGroup>
  <ItemGroup>
    <None Include="Main Class Diagram.cd" />
    <None Include="..\..\TODO.md" />
  </ItemGroup>
</Project>